{
  "originHash" : "79dce5428caa1405ac606b31abf83743efd0ac04437577c389c94171977200ce",
  "pins" : [
    {
      "identity" : "ios-places-sdk",
      "kind" : "remoteSourceControl",
      "location" : "https://github.com/googlemaps/ios-places-sdk",
      "state" : {
        "revision" : "d07fef1d14fb7095d3681571433ca4e147e34a91",
        "version" : "10.4.0"
      }
    }
  ],
  "version" : 3
}
